
Microsoft Visual Studio Solution File, Format Version 12.00
# Visual Studio Version 17
VisualStudioVersion = 17.2.32602.215
MinimumVisualStudioVersion = 10.0.40219.1
Project("{9A19103F-16F7-4668-BE54-9A1E7A4F7556}") = "RebmemMusicPlayer", "RebmemMusicPlayer\RebmemMusicPlayer.csproj", "{3EB26E6B-221A-4CD4-A38C-EF2636928245}"
EndProject
Project("{FAE04EC0-301F-11D3-BF4B-00C04F79EFBC}") = "RebmemMusicPlayer.Tests", "RebmemMusicPlayer.Tests\RebmemMusicPlayer.Tests.csproj", "{8FC4551F-0D86-4F23-9A72-6233CAB8513F}"
EndProject
Global
	GlobalSection(SolutionConfigurationPlatforms) = preSolution
		Debug|Any CPU = Debug|Any CPU
		Release|Any CPU = Release|Any CPU
	EndGlobalSection
	GlobalSection(ProjectConfigurationPlatforms) = postSolution
		{3EB26E6B-221A-4CD4-A38C-EF2636928245}.Debug|Any CPU.ActiveCfg = Debug|Any CPU
		{3EB26E6B-221A-4CD4-A38C-EF2636928245}.Debug|Any CPU.Build.0 = Debug|Any CPU
		{3EB26E6B-221A-4CD4-A38C-EF2636928245}.Release|Any CPU.ActiveCfg = Release|Any CPU
		{3EB26E6B-221A-4CD4-A38C-EF2636928245}.Release|Any CPU.Build.0 = Release|Any CPU
		{8FC4551F-0D86-4F23-9A72-6233CAB8513F}.Debug|Any CPU.ActiveCfg = Debug|Any CPU
		{8FC4551F-0D86-4F23-9A72-6233CAB8513F}.Debug|Any CPU.Build.0 = Debug|Any CPU
		{8FC4551F-0D86-4F23-9A72-6233CAB8513F}.Release|Any CPU.ActiveCfg = Release|Any CPU
		{8FC4551F-0D86-4F23-9A72-6233CAB8513F}.Release|Any CPU.Build.0 = Release|Any CPU
	EndGlobalSection
	GlobalSection(SolutionProperties) = preSolution
		HideSolutionNode = FALSE
	EndGlobalSection
	GlobalSection(ExtensibilityGlobals) = postSolution
		SolutionGuid = {B7850313-2335-4462-B419-789DC6DA2A98}
	EndGlobalSection
EndGlobal
